
Microsoft Visual Studio Solution File, Format Version 12.00
# Visual Studio Version 17
VisualStudioVersion = 17.6.33815.320
MinimumVisualStudioVersion = 10.0.40219.1
Project("{FAE04EC0-301F-11D3-BF4B-00C04F79EFBC}") = "Q2EMultiplayerPlus", "Q2EMultiplayerPlus\Q2EMultiplayerPlus.csproj", "{52964DF3-A9CB-4699-908A-A709366AAB98}"
EndProject
Global
	GlobalSection(SolutionConfigurationPlatforms) = preSolution
		Debug|Any CPU = Debug|Any CPU
		Release|Any CPU = Release|Any CPU
	EndGlobalSection
	GlobalSection(ProjectConfigurationPlatforms) = postSolution
		{52964DF3-A9CB-4699-908A-A709366AAB98}.Debug|Any CPU.ActiveCfg = Debug|Any CPU
		{52964DF3-A9CB-4699-908A-A709366AAB98}.Debug|Any CPU.Build.0 = Debug|Any CPU
		{52964DF3-A9CB-4699-908A-A709366AAB98}.Release|Any CPU.ActiveCfg = Release|Any CPU
		{52964DF3-A9CB-4699-908A-A709366AAB98}.Release|Any CPU.Build.0 = Release|Any CPU
	EndGlobalSection
	GlobalSection(SolutionProperties) = preSolution
		HideSolutionNode = FALSE
	EndGlobalSection
	GlobalSection(ExtensibilityGlobals) = postSolution
		SolutionGuid = {1779F78A-1570-46DB-86E3-B311007366D2}
	EndGlobalSection
EndGlobal
